
Microsoft Visual Studio Solution File, Format Version 12.00
# Visual Studio Version 16
VisualStudioVersion = 16.0.30011.22
MinimumVisualStudioVersion = 10.0.40219.1
Project("{8BC9CEB8-8B4A-11D0-8D11-00A0C91BC942}") = "PC_1", "PC_1\PC_1.vcxproj", "{663AC7D0-96DB-4888-96DD-7C6ADDF70BA1}"
EndProject
Project("{8BC9CEB8-8B4A-11D0-8D11-00A0C91BC942}") = "PC_14", "PC_14\PC_14.vcxproj", "{E3950BB3-E47D-4CFF-ABC8-E445CC28E2B1}"
EndProject
Project("{8BC9CEB8-8B4A-11D0-8D11-00A0C91BC942}") = "PC_15", "PC_15\PC_15.vcxproj", "{66A279DC-69AB-4A66-8DA2-A6DA4F4EB960}"
EndProject
Project("{8BC9CEB8-8B4A-11D0-8D11-00A0C91BC942}") = "CH_5_PC_16", "CH_5_PC_16\CH_5_PC_16.vcxproj", "{C6F0E738-6A9C-4CB7-AC74-0FDDCE050DC7}"
EndProject
Project("{8BC9CEB8-8B4A-11D0-8D11-00A0C91BC942}") = "CH_5_PC_17", "CH_5_PC_17\CH_5_PC_17.vcxproj", "{29FE5E17-62A9-47D2-B4C8-7396122A6785}"
EndProject
Project("{8BC9CEB8-8B4A-11D0-8D11-00A0C91BC942}") = "CH_5_PC_18", "CH_5_PC_18\CH_5_PC_18.vcxproj", "{3E381CE8-8689-4971-85F8-10781680B4FA}"
EndProject
Project("{8BC9CEB8-8B4A-11D0-8D11-00A0C91BC942}") = "CH_5_PC_19", "CH_5_PC_19\CH_5_PC_19.vcxproj", "{160FABC0-479E-4511-BFCB-026A40DB32CD}"
EndProject
Project("{8BC9CEB8-8B4A-11D0-8D11-00A0C91BC942}") = "CH_5_PC_20", "CH_5_PC_20\CH_5_PC_20.vcxproj", "{D78F6014-94EB-4FE7-B234-60E83D8F663A}"
EndProject
Project("{8BC9CEB8-8B4A-11D0-8D11-00A0C91BC942}") = "CH_5_PC_21", "CH_5_PC_21\CH_5_PC_21.vcxproj", "{4E96F845-2297-4D18-9884-446709E4C3A5}"
EndProject
Project("{8BC9CEB8-8B4A-11D0-8D11-00A0C91BC942}") = "CH_5_PC_22", "CH_5_PC_22\CH_5_PC_22.vcxproj", "{FBBF0381-2FA5-42D7-B5B3-D1DADC8C529F}"
EndProject
Project("{8BC9CEB8-8B4A-11D0-8D11-00A0C91BC942}") = "CH_5_PC_23", "CH_5_PC_23\CH_5_PC_23.vcxproj", "{F12305A7-7581-4424-890B-90966015BD60}"
EndProject
Project("{8BC9CEB8-8B4A-11D0-8D11-00A0C91BC942}") = "CH_5_PC_24", "CH_5_PC_24\CH_5_PC_24.vcxproj", "{454C1829-1173-4DD0-A875-D9FEE1C7D994}"
EndProject
Project("{8BC9CEB8-8B4A-11D0-8D11-00A0C91BC942}") = "CH_5_PC_25", "CH_5_PC_25\CH_5_PC_25.vcxproj", "{AD363395-68F9-4CE0-962B-BE65A318939A}"
EndProject
Project("{8BC9CEB8-8B4A-11D0-8D11-00A0C91BC942}") = "CH_5_PC_26", "CH_5_PC_26\CH_5_PC_26.vcxproj", "{4E9E081E-42E7-491F-ADD1-B742815EC78D}"
EndProject
Project("{8BC9CEB8-8B4A-11D0-8D11-00A0C91BC942}") = "CH_6_PC_1", "CH_6_PC_1\CH_6_PC_1.vcxproj", "{5A2D8D76-C7F8-4023-B3FA-CADE84BDCE34}"
EndProject
Project("{8BC9CEB8-8B4A-11D0-8D11-00A0C91BC942}") = "CH_6_PC_2", "CH_6_PC_2\CH_6_PC_2.vcxproj", "{1FF5B7AC-A55B-4EF8-8EDF-77404ECDFE81}"
EndProject
Project("{8BC9CEB8-8B4A-11D0-8D11-00A0C91BC942}") = "CH_6_PC_3", "CH_6_PC_3\CH_6_PC_3.vcxproj", "{92C4EEFE-153D-4124-BB91-0DB591C059DA}"
EndProject
Project("{2150E333-8FDC-42A3-9474-1A3956D46DE8}") = "Sample CPP File", "Sample CPP File", "{DEE17CD3-29AB-4C57-A34E-354EC098AFDA}"
	ProjectSection(SolutionItems) = preProject
		sample.cpp = sample.cpp
	EndProjectSection
EndProject
Project("{8BC9CEB8-8B4A-11D0-8D11-00A0C91BC942}") = "CH_6_PC_4", "CH_6_PC_4\CH_6_PC_4.vcxproj", "{F26B443C-4DBC-4F24-A4F4-4403437E2CAC}"
EndProject
Project("{8BC9CEB8-8B4A-11D0-8D11-00A0C91BC942}") = "CH_6_PC_5", "CH_6_PC_5\CH_6_PC_5.vcxproj", "{41616B44-A406-4D58-8AFC-89B9D2155D98}"
EndProject
Global
	GlobalSection(SolutionConfigurationPlatforms) = preSolution
		Debug|x64 = Debug|x64
		Debug|x86 = Debug|x86
		Release|x64 = Release|x64
		Release|x86 = Release|x86
	EndGlobalSection
	GlobalSection(ProjectConfigurationPlatforms) = postSolution
		{663AC7D0-96DB-4888-96DD-7C6ADDF70BA1}.Debug|x64.ActiveCfg = Debug|x64
		{663AC7D0-96DB-4888-96DD-7C6ADDF70BA1}.Debug|x64.Build.0 = Debug|x64
		{663AC7D0-96DB-4888-96DD-7C6ADDF70BA1}.Debug|x86.ActiveCfg = Debug|Win32
		{663AC7D0-96DB-4888-96DD-7C6ADDF70BA1}.Debug|x86.Build.0 = Debug|Win32
		{663AC7D0-96DB-4888-96DD-7C6ADDF70BA1}.Release|x64.ActiveCfg = Release|x64
		{663AC7D0-96DB-4888-96DD-7C6ADDF70BA1}.Release|x64.Build.0 = Release|x64
		{663AC7D0-96DB-4888-96DD-7C6ADDF70BA1}.Release|x86.ActiveCfg = Release|Win32
		{663AC7D0-96DB-4888-96DD-7C6ADDF70BA1}.Release|x86.Build.0 = Release|Win32
		{E3950BB3-E47D-4CFF-ABC8-E445CC28E2B1}.Debug|x64.ActiveCfg = Debug|x64
		{E3950BB3-E47D-4CFF-ABC8-E445CC28E2B1}.Debug|x64.Build.0 = Debug|x64
		{E3950BB3-E47D-4CFF-ABC8-E445CC28E2B1}.Debug|x86.ActiveCfg = Debug|Win32
		{E3950BB3-E47D-4CFF-ABC8-E445CC28E2B1}.Debug|x86.Build.0 = Debug|Win32
		{E3950BB3-E47D-4CFF-ABC8-E445CC28E2B1}.Release|x64.ActiveCfg = Release|x64
		{E3950BB3-E47D-4CFF-ABC8-E445CC28E2B1}.Release|x64.Build.0 = Release|x64
		{E3950BB3-E47D-4CFF-ABC8-E445CC28E2B1}.Release|x86.ActiveCfg = Release|Win32
		{E3950BB3-E47D-4CFF-ABC8-E445CC28E2B1}.Release|x86.Build.0 = Release|Win32
		{66A279DC-69AB-4A66-8DA2-A6DA4F4EB960}.Debug|x64.ActiveCfg = Debug|x64
		{66A279DC-69AB-4A66-8DA2-A6DA4F4EB960}.Debug|x64.Build.0 = Debug|x64
		{66A279DC-69AB-4A66-8DA2-A6DA4F4EB960}.Debug|x86.ActiveCfg = Debug|Win32
		{66A279DC-69AB-4A66-8DA2-A6DA4F4EB960}.Debug|x86.Build.0 = Debug|Win32
		{66A279DC-69AB-4A66-8DA2-A6DA4F4EB960}.Release|x64.ActiveCfg = Release|x64
		{66A279DC-69AB-4A66-8DA2-A6DA4F4EB960}.Release|x64.Build.0 = Release|x64
		{66A279DC-69AB-4A66-8DA2-A6DA4F4EB960}.Release|x86.ActiveCfg = Release|Win32
		{66A279DC-69AB-4A66-8DA2-A6DA4F4EB960}.Release|x86.Build.0 = Release|Win32
		{C6F0E738-6A9C-4CB7-AC74-0FDDCE050DC7}.Debug|x64.ActiveCfg = Debug|x64
		{C6F0E738-6A9C-4CB7-AC74-0FDDCE050DC7}.Debug|x64.Build.0 = Debug|x64
		{C6F0E738-6A9C-4CB7-AC74-0FDDCE050DC7}.Debug|x86.ActiveCfg = Debug|Win32
		{C6F0E738-6A9C-4CB7-AC74-0FDDCE050DC7}.Debug|x86.Build.0 = Debug|Win32
		{C6F0E738-6A9C-4CB7-AC74-0FDDCE050DC7}.Release|x64.ActiveCfg = Release|x64
		{C6F0E738-6A9C-4CB7-AC74-0FDDCE050DC7}.Release|x64.Build.0 = Release|x64
		{C6F0E738-6A9C-4CB7-AC74-0FDDCE050DC7}.Release|x86.ActiveCfg = Release|Win32
		{C6F0E738-6A9C-4CB7-AC74-0FDDCE050DC7}.Release|x86.Build.0 = Release|Win32
		{29FE5E17-62A9-47D2-B4C8-7396122A6785}.Debug|x64.ActiveCfg = Debug|x64
		{29FE5E17-62A9-47D2-B4C8-7396122A6785}.Debug|x64.Build.0 = Debug|x64
		{29FE5E17-62A9-47D2-B4C8-7396122A6785}.Debug|x86.ActiveCfg = Debug|Win32
		{29FE5E17-62A9-47D2-B4C8-7396122A6785}.Debug|x86.Build.0 = Debug|Win32
		{29FE5E17-62A9-47D2-B4C8-7396122A6785}.Release|x64.ActiveCfg = Release|x64
		{29FE5E17-62A9-47D2-B4C8-7396122A6785}.Release|x64.Build.0 = Release|x64
		{29FE5E17-62A9-47D2-B4C8-7396122A6785}.Release|x86.ActiveCfg = Release|Win32
		{29FE5E17-62A9-47D2-B4C8-7396122A6785}.Release|x86.Build.0 = Release|Win32
		{3E381CE8-8689-4971-85F8-10781680B4FA}.Debug|x64.ActiveCfg = Debug|x64
		{3E381CE8-8689-4971-85F8-10781680B4FA}.Debug|x64.Build.0 = Debug|x64
		{3E381CE8-8689-4971-85F8-10781680B4FA}.Debug|x86.ActiveCfg = Debug|Win32
		{3E381CE8-8689-4971-85F8-10781680B4FA}.Debug|x86.Build.0 = Debug|Win32
		{3E381CE8-8689-4971-85F8-10781680B4FA}.Release|x64.ActiveCfg = Release|x64
		{3E381CE8-8689-4971-85F8-10781680B4FA}.Release|x64.Build.0 = Release|x64
		{3E381CE8-8689-4971-85F8-10781680B4FA}.Release|x86.ActiveCfg = Release|Win32
		{3E381CE8-8689-4971-85F8-10781680B4FA}.Release|x86.Build.0 = Release|Win32
		{160FABC0-479E-4511-BFCB-026A40DB32CD}.Debug|x64.ActiveCfg = Debug|x64
		{160FABC0-479E-4511-BFCB-026A40DB32CD}.Debug|x64.Build.0 = Debug|x64
		{160FABC0-479E-4511-BFCB-026A40DB32CD}.Debug|x86.ActiveCfg = Debug|Win32
		{160FABC0-479E-4511-BFCB-026A40DB32CD}.Debug|x86.Build.0 = Debug|Win32
		{160FABC0-479E-4511-BFCB-026A40DB32CD}.Release|x64.ActiveCfg = Release|x64
		{160FABC0-479E-4511-BFCB-026A40DB32CD}.Release|x64.Build.0 = Release|x64
		{160FABC0-479E-4511-BFCB-026A40DB32CD}.Release|x86.ActiveCfg = Release|Win32
		{160FABC0-479E-4511-BFCB-026A40DB32CD}.Release|x86.Build.0 = Release|Win32
		{D78F6014-94EB-4FE7-B234-60E83D8F663A}.Debug|x64.ActiveCfg = Debug|x64
		{D78F6014-94EB-4FE7-B234-60E83D8F663A}.Debug|x64.Build.0 = Debug|x64
		{D78F6014-94EB-4FE7-B234-60E83D8F663A}.Debug|x86.ActiveCfg = Debug|Win32
		{D78F6014-94EB-4FE7-B234-60E83D8F663A}.Debug|x86.Build.0 = Debug|Win32
		{D78F6014-94EB-4FE7-B234-60E83D8F663A}.Release|x64.ActiveCfg = Release|x64
		{D78F6014-94EB-4FE7-B234-60E83D8F663A}.Release|x64.Build.0 = Release|x64
		{D78F6014-94EB-4FE7-B234-60E83D8F663A}.Release|x86.ActiveCfg = Release|Win32
		{D78F6014-94EB-4FE7-B234-60E83D8F663A}.Release|x86.Build.0 = Release|Win32
		{4E96F845-2297-4D18-9884-446709E4C3A5}.Debug|x64.ActiveCfg = Debug|x64
		{4E96F845-2297-4D18-9884-446709E4C3A5}.Debug|x64.Build.0 = Debug|x64
		{4E96F845-2297-4D18-9884-446709E4C3A5}.Debug|x86.ActiveCfg = Debug|Win32
		{4E96F845-2297-4D18-9884-446709E4C3A5}.Debug|x86.Build.0 = Debug|Win32
		{4E96F845-2297-4D18-9884-446709E4C3A5}.Release|x64.ActiveCfg = Release|x64
		{4E96F845-2297-4D18-9884-446709E4C3A5}.Release|x64.Build.0 = Release|x64
		{4E96F845-2297-4D18-9884-446709E4C3A5}.Release|x86.ActiveCfg = Release|Win32
		{4E96F845-2297-4D18-9884-446709E4C3A5}.Release|x86.Build.0 = Release|Win32
		{FBBF0381-2FA5-42D7-B5B3-D1DADC8C529F}.Debug|x64.ActiveCfg = Debug|x64
		{FBBF0381-2FA5-42D7-B5B3-D1DADC8C529F}.Debug|x64.Build.0 = Debug|x64
		{FBBF0381-2FA5-42D7-B5B3-D1DADC8C529F}.Debug|x86.ActiveCfg = Debug|Win32
		{FBBF0381-2FA5-42D7-B5B3-D1DADC8C529F}.Debug|x86.Build.0 = Debug|Win32
		{FBBF0381-2FA5-42D7-B5B3-D1DADC8C529F}.Release|x64.ActiveCfg = Release|x64
		{FBBF0381-2FA5-42D7-B5B3-D1DADC8C529F}.Release|x64.Build.0 = Release|x64
		{FBBF0381-2FA5-42D7-B5B3-D1DADC8C529F}.Release|x86.ActiveCfg = Release|Win32
		{FBBF0381-2FA5-42D7-B5B3-D1DADC8C529F}.Release|x86.Build.0 = Release|Win32
		{F12305A7-7581-4424-890B-90966015BD60}.Debug|x64.ActiveCfg = Debug|x64
		{F12305A7-7581-4424-890B-90966015BD60}.Debug|x64.Build.0 = Debug|x64
		{F12305A7-7581-4424-890B-90966015BD60}.Debug|x86.ActiveCfg = Debug|Win32
		{F12305A7-7581-4424-890B-90966015BD60}.Debug|x86.Build.0 = Debug|Win32
		{F12305A7-7581-4424-890B-90966015BD60}.Release|x64.ActiveCfg = Release|x64
		{F12305A7-7581-4424-890B-90966015BD60}.Release|x64.Build.0 = Release|x64
		{F12305A7-7581-4424-890B-90966015BD60}.Release|x86.ActiveCfg = Release|Win32
		{F12305A7-7581-4424-890B-90966015BD60}.Release|x86.Build.0 = Release|Win32
		{454C1829-1173-4DD0-A875-D9FEE1C7D994}.Debug|x64.ActiveCfg = Debug|x64
		{454C1829-1173-4DD0-A875-D9FEE1C7D994}.Debug|x64.Build.0 = Debug|x64
		{454C1829-1173-4DD0-A875-D9FEE1C7D994}.Debug|x86.ActiveCfg = Debug|Win32
		{454C1829-1173-4DD0-A875-D9FEE1C7D994}.Debug|x86.Build.0 = Debug|Win32
		{454C1829-1173-4DD0-A875-D9FEE1C7D994}.Release|x64.ActiveCfg = Release|x64
		{454C1829-1173-4DD0-A875-D9FEE1C7D994}.Release|x64.Build.0 = Release|x64
		{454C1829-1173-4DD0-A875-D9FEE1C7D994}.Release|x86.ActiveCfg = Release|Win32
		{454C1829-1173-4DD0-A875-D9FEE1C7D994}.Release|x86.Build.0 = Release|Win32
		{AD363395-68F9-4CE0-962B-BE65A318939A}.Debug|x64.ActiveCfg = Debug|x64
		{AD363395-68F9-4CE0-962B-BE65A318939A}.Debug|x64.Build.0 = Debug|x64
		{AD363395-68F9-4CE0-962B-BE65A318939A}.Debug|x86.ActiveCfg = Debug|Win32
		{AD363395-68F9-4CE0-962B-BE65A318939A}.Debug|x86.Build.0 = Debug|Win32
		{AD363395-68F9-4CE0-962B-BE65A318939A}.Release|x64.ActiveCfg = Release|x64
		{AD363395-68F9-4CE0-962B-BE65A318939A}.Release|x64.Build.0 = Release|x64
		{AD363395-68F9-4CE0-962B-BE65A318939A}.Release|x86.ActiveCfg = Release|Win32
		{AD363395-68F9-4CE0-962B-BE65A318939A}.Release|x86.Build.0 = Release|Win32
		{4E9E081E-42E7-491F-ADD1-B742815EC78D}.Debug|x64.ActiveCfg = Debug|x64
		{4E9E081E-42E7-491F-ADD1-B742815EC78D}.Debug|x64.Build.0 = Debug|x64
		{4E9E081E-42E7-491F-ADD1-B742815EC78D}.Debug|x86.ActiveCfg = Debug|Win32
		{4E9E081E-42E7-491F-ADD1-B742815EC78D}.Debug|x86.Build.0 = Debug|Win32
		{4E9E081E-42E7-491F-ADD1-B742815EC78D}.Release|x64.ActiveCfg = Release|x64
		{4E9E081E-42E7-491F-ADD1-B742815EC78D}.Release|x64.Build.0 = Release|x64
		{4E9E081E-42E7-491F-ADD1-B742815EC78D}.Release|x86.ActiveCfg = Release|Win32
		{4E9E081E-42E7-491F-ADD1-B742815EC78D}.Release|x86.Build.0 = Release|Win32
		{5A2D8D76-C7F8-4023-B3FA-CADE84BDCE34}.Debug|x64.ActiveCfg = Debug|x64
		{5A2D8D76-C7F8-4023-B3FA-CADE84BDCE34}.Debug|x64.Build.0 = Debug|x64
		{5A2D8D76-C7F8-4023-B3FA-CADE84BDCE34}.Debug|x86.ActiveCfg = Debug|Win32
		{5A2D8D76-C7F8-4023-B3FA-CADE84BDCE34}.Debug|x86.Build.0 = Debug|Win32
		{5A2D8D76-C7F8-4023-B3FA-CADE84BDCE34}.Release|x64.ActiveCfg = Release|x64
		{5A2D8D76-C7F8-4023-B3FA-CADE84BDCE34}.Release|x64.Build.0 = Release|x64
		{5A2D8D76-C7F8-4023-B3FA-CADE84BDCE34}.Release|x86.ActiveCfg = Release|Win32
		{5A2D8D76-C7F8-4023-B3FA-CADE84BDCE34}.Release|x86.Build.0 = Release|Win32
		{1FF5B7AC-A55B-4EF8-8EDF-77404ECDFE81}.Debug|x64.ActiveCfg = Debug|x64
		{1FF5B7AC-A55B-4EF8-8EDF-77404ECDFE81}.Debug|x64.Build.0 = Debug|x64
		{1FF5B7AC-A55B-4EF8-8EDF-77404ECDFE81}.Debug|x86.ActiveCfg = Debug|Win32
		{1FF5B7AC-A55B-4EF8-8EDF-77404ECDFE81}.Debug|x86.Build.0 = Debug|Win32
		{1FF5B7AC-A55B-4EF8-8EDF-77404ECDFE81}.Release|x64.ActiveCfg = Release|x64
		{1FF5B7AC-A55B-4EF8-8EDF-77404ECDFE81}.Release|x64.Build.0 = Release|x64
		{1FF5B7AC-A55B-4EF8-8EDF-77404ECDFE81}.Release|x86.ActiveCfg = Release|Win32
		{1FF5B7AC-A55B-4EF8-8EDF-77404ECDFE81}.Release|x86.Build.0 = Release|Win32
		{92C4EEFE-153D-4124-BB91-0DB591C059DA}.Debug|x64.ActiveCfg = Debug|x64
		{92C4EEFE-153D-4124-BB91-0DB591C059DA}.Debug|x64.Build.0 = Debug|x64
		{92C4EEFE-153D-4124-BB91-0DB591C059DA}.Debug|x86.ActiveCfg = Debug|Win32
		{92C4EEFE-153D-4124-BB91-0DB591C059DA}.Debug|x86.Build.0 = Debug|Win32
		{92C4EEFE-153D-4124-BB91-0DB591C059DA}.Release|x64.ActiveCfg = Release|x64
		{92C4EEFE-153D-4124-BB91-0DB591C059DA}.Release|x64.Build.0 = Release|x64
		{92C4EEFE-153D-4124-BB91-0DB591C059DA}.Release|x86.ActiveCfg = Release|Win32
		{92C4EEFE-153D-4124-BB91-0DB591C059DA}.Release|x86.Build.0 = Release|Win32
		{F26B443C-4DBC-4F24-A4F4-4403437E2CAC}.Debug|x64.ActiveCfg = Debug|x64
		{F26B443C-4DBC-4F24-A4F4-4403437E2CAC}.Debug|x64.Build.0 = Debug|x64
		{F26B443C-4DBC-4F24-A4F4-4403437E2CAC}.Debug|x86.ActiveCfg = Debug|Win32
		{F26B443C-4DBC-4F24-A4F4-4403437E2CAC}.Debug|x86.Build.0 = Debug|Win32
		{F26B443C-4DBC-4F24-A4F4-4403437E2CAC}.Release|x64.ActiveCfg = Release|x64
		{F26B443C-4DBC-4F24-A4F4-4403437E2CAC}.Release|x64.Build.0 = Release|x64
		{F26B443C-4DBC-4F24-A4F4-4403437E2CAC}.Release|x86.ActiveCfg = Release|Win32
		{F26B443C-4DBC-4F24-A4F4-4403437E2CAC}.Release|x86.Build.0 = Release|Win32
		{41616B44-A406-4D58-8AFC-89B9D2155D98}.Debug|x64.ActiveCfg = Debug|x64
		{41616B44-A406-4D58-8AFC-89B9D2155D98}.Debug|x64.Build.0 = Debug|x64
		{41616B44-A406-4D58-8AFC-89B9D2155D98}.Debug|x86.ActiveCfg = Debug|Win32
		{41616B44-A406-4D58-8AFC-89B9D2155D98}.Debug|x86.Build.0 = Debug|Win32
		{41616B44-A406-4D58-8AFC-89B9D2155D98}.Release|x64.ActiveCfg = Release|x64
		{41616B44-A406-4D58-8AFC-89B9D2155D98}.Release|x64.Build.0 = Release|x64
		{41616B44-A406-4D58-8AFC-89B9D2155D98}.Release|x86.ActiveCfg = Release|Win32
		{41616B44-A406-4D58-8AFC-89B9D2155D98}.Release|x86.Build.0 = Release|Win32
	EndGlobalSection
	GlobalSection(SolutionProperties) = preSolution
		HideSolutionNode = FALSE
	EndGlobalSection
	GlobalSection(ExtensibilityGlobals) = postSolution
		SolutionGuid = {A21B6CE6-E063-4862-A963-C564E63633B4}
	EndGlobalSection
EndGlobal
